
Microsoft Visual Studio Solution File, Format Version 12.00
# Visual Studio Version 17
VisualStudioVersion = 17.3.32929.385
MinimumVisualStudioVersion = 10.0.40219.1
Project("{888888A0-9F3D-457C-B088-3A5042F75D52}") = "Word Guessing Game", "Word Guessing Game\Word Guessing Game.pyproj", "{DC65C48E-2741-42D3-9A95-281816CB77C3}"
EndProject
Global
	GlobalSection(SolutionConfigurationPlatforms) = preSolution
		Debug|Any CPU = Debug|Any CPU
		Release|Any CPU = Release|Any CPU
	EndGlobalSection
	GlobalSection(ProjectConfigurationPlatforms) = postSolution
		{DC65C48E-2741-42D3-9A95-281816CB77C3}.Debug|Any CPU.ActiveCfg = Debug|Any CPU
		{DC65C48E-2741-42D3-9A95-281816CB77C3}.Release|Any CPU.ActiveCfg = Release|Any CPU
	EndGlobalSection
	GlobalSection(SolutionProperties) = preSolution
		HideSolutionNode = FALSE
	EndGlobalSection
	GlobalSection(ExtensibilityGlobals) = postSolution
		SolutionGuid = {603C5750-2A62-4E83-8CCF-9A6168B3519E}
	EndGlobalSection
EndGlobal
